
Microsoft Visual Studio Solution File, Format Version 12.00
# Visual Studio 15
VisualStudioVersion = 15.0.26228.23
MinimumVisualStudioVersion = 10.0.40219.1
Project("{FAE04EC0-301F-11D3-BF4B-00C04F79EFBC}") = "MyListApp_5.Android", "MyListApp-5\MyListApp_5.Android\MyListApp_5.Android.csproj", "{3446E895-D47B-4F0A-861C-0A029E0A1215}"
EndProject
Project("{FAE04EC0-301F-11D3-BF4B-00C04F79EFBC}") = "MyListApp_5", "MyListApp-5\MyListApp_5\MyListApp_5.csproj", "{742B3CCA-8100-486E-98D4-17F33C56FD7D}"
EndProject
Project("{FAE04EC0-301F-11D3-BF4B-00C04F79EFBC}") = "MyListApp_5.UWP", "MyListApp-5\MyListApp_5.UWP\MyListApp_5.UWP.csproj", "{F720E1D7-7B53-4275-B1C7-F678F8418E92}"
EndProject
Project("{FAE04EC0-301F-11D3-BF4B-00C04F79EFBC}") = "MyListApp_5.iOS", "MyListApp-5\MyListApp_5.iOS\MyListApp_5.iOS.csproj", "{401F843D-DA6B-445A-B3FC-B619E78FEB0A}"
EndProject
Global
	GlobalSection(SolutionConfigurationPlatforms) = preSolution
		Ad-Hoc|Any CPU = Ad-Hoc|Any CPU
		Ad-Hoc|ARM = Ad-Hoc|ARM
		Ad-Hoc|iPhone = Ad-Hoc|iPhone
		Ad-Hoc|iPhoneSimulator = Ad-Hoc|iPhoneSimulator
		Ad-Hoc|x64 = Ad-Hoc|x64
		Ad-Hoc|x86 = Ad-Hoc|x86
		AppStore|Any CPU = AppStore|Any CPU
		AppStore|ARM = AppStore|ARM
		AppStore|iPhone = AppStore|iPhone
		AppStore|iPhoneSimulator = AppStore|iPhoneSimulator
		AppStore|x64 = AppStore|x64
		AppStore|x86 = AppStore|x86
		Debug|Any CPU = Debug|Any CPU
		Debug|ARM = Debug|ARM
		Debug|iPhone = Debug|iPhone
		Debug|iPhoneSimulator = Debug|iPhoneSimulator
		Debug|x64 = Debug|x64
		Debug|x86 = Debug|x86
		Release|Any CPU = Release|Any CPU
		Release|ARM = Release|ARM
		Release|iPhone = Release|iPhone
		Release|iPhoneSimulator = Release|iPhoneSimulator
		Release|x64 = Release|x64
		Release|x86 = Release|x86
	EndGlobalSection
	GlobalSection(ProjectConfigurationPlatforms) = postSolution
		{3446E895-D47B-4F0A-861C-0A029E0A1215}.Ad-Hoc|Any CPU.ActiveCfg = Release|Any CPU
		{3446E895-D47B-4F0A-861C-0A029E0A1215}.Ad-Hoc|Any CPU.Build.0 = Release|Any CPU
		{3446E895-D47B-4F0A-861C-0A029E0A1215}.Ad-Hoc|Any CPU.Deploy.0 = Release|Any CPU
		{3446E895-D47B-4F0A-861C-0A029E0A1215}.Ad-Hoc|ARM.ActiveCfg = Release|Any CPU
		{3446E895-D47B-4F0A-861C-0A029E0A1215}.Ad-Hoc|ARM.Build.0 = Release|Any CPU
		{3446E895-D47B-4F0A-861C-0A029E0A1215}.Ad-Hoc|ARM.Deploy.0 = Release|Any CPU
		{3446E895-D47B-4F0A-861C-0A029E0A1215}.Ad-Hoc|iPhone.ActiveCfg = Release|Any CPU
		{3446E895-D47B-4F0A-861C-0A029E0A1215}.Ad-Hoc|iPhone.Build.0 = Release|Any CPU
		{3446E895-D47B-4F0A-861C-0A029E0A1215}.Ad-Hoc|iPhone.Deploy.0 = Release|Any CPU
		{3446E895-D47B-4F0A-861C-0A029E0A1215}.Ad-Hoc|iPhoneSimulator.ActiveCfg = Release|Any CPU
		{3446E895-D47B-4F0A-861C-0A029E0A1215}.Ad-Hoc|iPhoneSimulator.Build.0 = Release|Any CPU
		{3446E895-D47B-4F0A-861C-0A029E0A1215}.Ad-Hoc|iPhoneSimulator.Deploy.0 = Release|Any CPU
		{3446E895-D47B-4F0A-861C-0A029E0A1215}.Ad-Hoc|x64.ActiveCfg = Release|Any CPU
		{3446E895-D47B-4F0A-861C-0A029E0A1215}.Ad-Hoc|x64.Build.0 = Release|Any CPU
		{3446E895-D47B-4F0A-861C-0A029E0A1215}.Ad-Hoc|x64.Deploy.0 = Release|Any CPU
		{3446E895-D47B-4F0A-861C-0A029E0A1215}.Ad-Hoc|x86.ActiveCfg = Release|Any CPU
		{3446E895-D47B-4F0A-861C-0A029E0A1215}.Ad-Hoc|x86.Build.0 = Release|Any CPU
		{3446E895-D47B-4F0A-861C-0A029E0A1215}.Ad-Hoc|x86.Deploy.0 = Release|Any CPU
		{3446E895-D47B-4F0A-861C-0A029E0A1215}.AppStore|Any CPU.ActiveCfg = Release|Any CPU
		{3446E895-D47B-4F0A-861C-0A029E0A1215}.AppStore|Any CPU.Build.0 = Release|Any CPU
		{3446E895-D47B-4F0A-861C-0A029E0A1215}.AppStore|Any CPU.Deploy.0 = Release|Any CPU
		{3446E895-D47B-4F0A-861C-0A029E0A1215}.AppStore|ARM.ActiveCfg = Release|Any CPU
		{3446E895-D47B-4F0A-861C-0A029E0A1215}.AppStore|ARM.Build.0 = Release|Any CPU
		{3446E895-D47B-4F0A-861C-0A029E0A1215}.AppStore|ARM.Deploy.0 = Release|Any CPU
		{3446E895-D47B-4F0A-861C-0A029E0A1215}.AppStore|iPhone.ActiveCfg = Release|Any CPU
		{3446E895-D47B-4F0A-861C-0A029E0A1215}.AppStore|iPhone.Build.0 = Release|Any CPU
		{3446E895-D47B-4F0A-861C-0A029E0A1215}.AppStore|iPhone.Deploy.0 = Release|Any CPU
		{3446E895-D47B-4F0A-861C-0A029E0A1215}.AppStore|iPhoneSimulator.ActiveCfg = Release|Any CPU
		{3446E895-D47B-4F0A-861C-0A029E0A1215}.AppStore|iPhoneSimulator.Build.0 = Release|Any CPU
		{3446E895-D47B-4F0A-861C-0A029E0A1215}.AppStore|iPhoneSimulator.Deploy.0 = Release|Any CPU
		{3446E895-D47B-4F0A-861C-0A029E0A1215}.AppStore|x64.ActiveCfg = Release|Any CPU
		{3446E895-D47B-4F0A-861C-0A029E0A1215}.AppStore|x64.Build.0 = Release|Any CPU
		{3446E895-D47B-4F0A-861C-0A029E0A1215}.AppStore|x64.Deploy.0 = Release|Any CPU
		{3446E895-D47B-4F0A-861C-0A029E0A1215}.AppStore|x86.ActiveCfg = Release|Any CPU
		{3446E895-D47B-4F0A-861C-0A029E0A1215}.AppStore|x86.Build.0 = Release|Any CPU
		{3446E895-D47B-4F0A-861C-0A029E0A1215}.AppStore|x86.Deploy.0 = Release|Any CPU
		{3446E895-D47B-4F0A-861C-0A029E0A1215}.Debug|Any CPU.ActiveCfg = Debug|Any CPU
		{3446E895-D47B-4F0A-861C-0A029E0A1215}.Debug|Any CPU.Build.0 = Debug|Any CPU
		{3446E895-D47B-4F0A-861C-0A029E0A1215}.Debug|Any CPU.Deploy.0 = Debug|Any CPU
		{3446E895-D47B-4F0A-861C-0A029E0A1215}.Debug|ARM.ActiveCfg = Debug|Any CPU
		{3446E895-D47B-4F0A-861C-0A029E0A1215}.Debug|ARM.Build.0 = Debug|Any CPU
		{3446E895-D47B-4F0A-861C-0A029E0A1215}.Debug|ARM.Deploy.0 = Debug|Any CPU
		{3446E895-D47B-4F0A-861C-0A029E0A1215}.Debug|iPhone.ActiveCfg = Debug|Any CPU
		{3446E895-D47B-4F0A-861C-0A029E0A1215}.Debug|iPhone.Build.0 = Debug|Any CPU
		{3446E895-D47B-4F0A-861C-0A029E0A1215}.Debug|iPhone.Deploy.0 = Debug|Any CPU
		{3446E895-D47B-4F0A-861C-0A029E0A1215}.Debug|iPhoneSimulator.ActiveCfg = Debug|Any CPU
		{3446E895-D47B-4F0A-861C-0A029E0A1215}.Debug|iPhoneSimulator.Build.0 = Debug|Any CPU
		{3446E895-D47B-4F0A-861C-0A029E0A1215}.Debug|iPhoneSimulator.Deploy.0 = Debug|Any CPU
		{3446E895-D47B-4F0A-861C-0A029E0A1215}.Debug|x64.ActiveCfg = Debug|Any CPU
		{3446E895-D47B-4F0A-861C-0A029E0A1215}.Debug|x64.Build.0 = Debug|Any CPU
		{3446E895-D47B-4F0A-861C-0A029E0A1215}.Debug|x64.Deploy.0 = Debug|Any CPU
		{3446E895-D47B-4F0A-861C-0A029E0A1215}.Debug|x86.ActiveCfg = Debug|Any CPU
		{3446E895-D47B-4F0A-861C-0A029E0A1215}.Debug|x86.Build.0 = Debug|Any CPU
		{3446E895-D47B-4F0A-861C-0A029E0A1215}.Debug|x86.Deploy.0 = Debug|Any CPU
		{3446E895-D47B-4F0A-861C-0A029E0A1215}.Release|Any CPU.ActiveCfg = Release|Any CPU
		{3446E895-D47B-4F0A-861C-0A029E0A1215}.Release|Any CPU.Build.0 = Release|Any CPU
		{3446E895-D47B-4F0A-861C-0A029E0A1215}.Release|Any CPU.Deploy.0 = Release|Any CPU
		{3446E895-D47B-4F0A-861C-0A029E0A1215}.Release|ARM.ActiveCfg = Release|Any CPU
		{3446E895-D47B-4F0A-861C-0A029E0A1215}.Release|ARM.Build.0 = Release|Any CPU
		{3446E895-D47B-4F0A-861C-0A029E0A1215}.Release|ARM.Deploy.0 = Release|Any CPU
		{3446E895-D47B-4F0A-861C-0A029E0A1215}.Release|iPhone.ActiveCfg = Release|Any CPU
		{3446E895-D47B-4F0A-861C-0A029E0A1215}.Release|iPhone.Build.0 = Release|Any CPU
		{3446E895-D47B-4F0A-861C-0A029E0A1215}.Release|iPhone.Deploy.0 = Release|Any CPU
		{3446E895-D47B-4F0A-861C-0A029E0A1215}.Release|iPhoneSimulator.ActiveCfg = Release|Any CPU
		{3446E895-D47B-4F0A-861C-0A029E0A1215}.Release|iPhoneSimulator.Build.0 = Release|Any CPU
		{3446E895-D47B-4F0A-861C-0A029E0A1215}.Release|iPhoneSimulator.Deploy.0 = Release|Any CPU
		{3446E895-D47B-4F0A-861C-0A029E0A1215}.Release|x64.ActiveCfg = Release|Any CPU
		{3446E895-D47B-4F0A-861C-0A029E0A1215}.Release|x64.Build.0 = Release|Any CPU
		{3446E895-D47B-4F0A-861C-0A029E0A1215}.Release|x64.Deploy.0 = Release|Any CPU
		{3446E895-D47B-4F0A-861C-0A029E0A1215}.Release|x86.ActiveCfg = Release|Any CPU
		{3446E895-D47B-4F0A-861C-0A029E0A1215}.Release|x86.Build.0 = Release|Any CPU
		{3446E895-D47B-4F0A-861C-0A029E0A1215}.Release|x86.Deploy.0 = Release|Any CPU
		{742B3CCA-8100-486E-98D4-17F33C56FD7D}.Ad-Hoc|Any CPU.ActiveCfg = Release|Any CPU
		{742B3CCA-8100-486E-98D4-17F33C56FD7D}.Ad-Hoc|Any CPU.Build.0 = Release|Any CPU
		{742B3CCA-8100-486E-98D4-17F33C56FD7D}.Ad-Hoc|ARM.ActiveCfg = Release|Any CPU
		{742B3CCA-8100-486E-98D4-17F33C56FD7D}.Ad-Hoc|ARM.Build.0 = Release|Any CPU
		{742B3CCA-8100-486E-98D4-17F33C56FD7D}.Ad-Hoc|iPhone.ActiveCfg = Release|Any CPU
		{742B3CCA-8100-486E-98D4-17F33C56FD7D}.Ad-Hoc|iPhone.Build.0 = Release|Any CPU
		{742B3CCA-8100-486E-98D4-17F33C56FD7D}.Ad-Hoc|iPhoneSimulator.ActiveCfg = Release|Any CPU
		{742B3CCA-8100-486E-98D4-17F33C56FD7D}.Ad-Hoc|iPhoneSimulator.Build.0 = Release|Any CPU
		{742B3CCA-8100-486E-98D4-17F33C56FD7D}.Ad-Hoc|x64.ActiveCfg = Release|Any CPU
		{742B3CCA-8100-486E-98D4-17F33C56FD7D}.Ad-Hoc|x64.Build.0 = Release|Any CPU
		{742B3CCA-8100-486E-98D4-17F33C56FD7D}.Ad-Hoc|x86.ActiveCfg = Release|Any CPU
		{742B3CCA-8100-486E-98D4-17F33C56FD7D}.Ad-Hoc|x86.Build.0 = Release|Any CPU
		{742B3CCA-8100-486E-98D4-17F33C56FD7D}.AppStore|Any CPU.ActiveCfg = Release|Any CPU
		{742B3CCA-8100-486E-98D4-17F33C56FD7D}.AppStore|Any CPU.Build.0 = Release|Any CPU
		{742B3CCA-8100-486E-98D4-17F33C56FD7D}.AppStore|ARM.ActiveCfg = Release|Any CPU
		{742B3CCA-8100-486E-98D4-17F33C56FD7D}.AppStore|ARM.Build.0 = Release|Any CPU
		{742B3CCA-8100-486E-98D4-17F33C56FD7D}.AppStore|iPhone.ActiveCfg = Release|Any CPU
		{742B3CCA-8100-486E-98D4-17F33C56FD7D}.AppStore|iPhone.Build.0 = Release|Any CPU
		{742B3CCA-8100-486E-98D4-17F33C56FD7D}.AppStore|iPhoneSimulator.ActiveCfg = Release|Any CPU
		{742B3CCA-8100-486E-98D4-17F33C56FD7D}.AppStore|iPhoneSimulator.Build.0 = Release|Any CPU
		{742B3CCA-8100-486E-98D4-17F33C56FD7D}.AppStore|x64.ActiveCfg = Release|Any CPU
		{742B3CCA-8100-486E-98D4-17F33C56FD7D}.AppStore|x64.Build.0 = Release|Any CPU
		{742B3CCA-8100-486E-98D4-17F33C56FD7D}.AppStore|x86.ActiveCfg = Release|Any CPU
		{742B3CCA-8100-486E-98D4-17F33C56FD7D}.AppStore|x86.Build.0 = Release|Any CPU
		{742B3CCA-8100-486E-98D4-17F33C56FD7D}.Debug|Any CPU.ActiveCfg = Debug|Any CPU
		{742B3CCA-8100-486E-98D4-17F33C56FD7D}.Debug|Any CPU.Build.0 = Debug|Any CPU
		{742B3CCA-8100-486E-98D4-17F33C56FD7D}.Debug|ARM.ActiveCfg = Debug|Any CPU
		{742B3CCA-8100-486E-98D4-17F33C56FD7D}.Debug|ARM.Build.0 = Debug|Any CPU
		{742B3CCA-8100-486E-98D4-17F33C56FD7D}.Debug|iPhone.ActiveCfg = Debug|Any CPU
		{742B3CCA-8100-486E-98D4-17F33C56FD7D}.Debug|iPhone.Build.0 = Debug|Any CPU
		{742B3CCA-8100-486E-98D4-17F33C56FD7D}.Debug|iPhoneSimulator.ActiveCfg = Debug|Any CPU
		{742B3CCA-8100-486E-98D4-17F33C56FD7D}.Debug|iPhoneSimulator.Build.0 = Debug|Any CPU
		{742B3CCA-8100-486E-98D4-17F33C56FD7D}.Debug|x64.ActiveCfg = Debug|Any CPU
		{742B3CCA-8100-486E-98D4-17F33C56FD7D}.Debug|x64.Build.0 = Debug|Any CPU
		{742B3CCA-8100-486E-98D4-17F33C56FD7D}.Debug|x86.ActiveCfg = Debug|Any CPU
		{742B3CCA-8100-486E-98D4-17F33C56FD7D}.Debug|x86.Build.0 = Debug|Any CPU
		{742B3CCA-8100-486E-98D4-17F33C56FD7D}.Release|Any CPU.ActiveCfg = Release|Any CPU
		{742B3CCA-8100-486E-98D4-17F33C56FD7D}.Release|Any CPU.Build.0 = Release|Any CPU
		{742B3CCA-8100-486E-98D4-17F33C56FD7D}.Release|ARM.ActiveCfg = Release|Any CPU
		{742B3CCA-8100-486E-98D4-17F33C56FD7D}.Release|ARM.Build.0 = Release|Any CPU
		{742B3CCA-8100-486E-98D4-17F33C56FD7D}.Release|iPhone.ActiveCfg = Release|Any CPU
		{742B3CCA-8100-486E-98D4-17F33C56FD7D}.Release|iPhone.Build.0 = Release|Any CPU
		{742B3CCA-8100-486E-98D4-17F33C56FD7D}.Release|iPhoneSimulator.ActiveCfg = Release|Any CPU
		{742B3CCA-8100-486E-98D4-17F33C56FD7D}.Release|iPhoneSimulator.Build.0 = Release|Any CPU
		{742B3CCA-8100-486E-98D4-17F33C56FD7D}.Release|x64.ActiveCfg = Release|Any CPU
		{742B3CCA-8100-486E-98D4-17F33C56FD7D}.Release|x64.Build.0 = Release|Any CPU
		{742B3CCA-8100-486E-98D4-17F33C56FD7D}.Release|x86.ActiveCfg = Release|Any CPU
		{742B3CCA-8100-486E-98D4-17F33C56FD7D}.Release|x86.Build.0 = Release|Any CPU
		{F720E1D7-7B53-4275-B1C7-F678F8418E92}.Ad-Hoc|Any CPU.ActiveCfg = Release|x86
		{F720E1D7-7B53-4275-B1C7-F678F8418E92}.Ad-Hoc|Any CPU.Build.0 = Release|x86
		{F720E1D7-7B53-4275-B1C7-F678F8418E92}.Ad-Hoc|Any CPU.Deploy.0 = Release|x86
		{F720E1D7-7B53-4275-B1C7-F678F8418E92}.Ad-Hoc|ARM.ActiveCfg = Release|ARM
		{F720E1D7-7B53-4275-B1C7-F678F8418E92}.Ad-Hoc|ARM.Build.0 = Release|ARM
		{F720E1D7-7B53-4275-B1C7-F678F8418E92}.Ad-Hoc|ARM.Deploy.0 = Release|ARM
		{F720E1D7-7B53-4275-B1C7-F678F8418E92}.Ad-Hoc|iPhone.ActiveCfg = Release|x86
		{F720E1D7-7B53-4275-B1C7-F678F8418E92}.Ad-Hoc|iPhone.Build.0 = Release|x86
		{F720E1D7-7B53-4275-B1C7-F678F8418E92}.Ad-Hoc|iPhone.Deploy.0 = Release|x86
		{F720E1D7-7B53-4275-B1C7-F678F8418E92}.Ad-Hoc|iPhoneSimulator.ActiveCfg = Release|x86
		{F720E1D7-7B53-4275-B1C7-F678F8418E92}.Ad-Hoc|iPhoneSimulator.Build.0 = Release|x86
		{F720E1D7-7B53-4275-B1C7-F678F8418E92}.Ad-Hoc|iPhoneSimulator.Deploy.0 = Release|x86
		{F720E1D7-7B53-4275-B1C7-F678F8418E92}.Ad-Hoc|x64.ActiveCfg = Release|x64
		{F720E1D7-7B53-4275-B1C7-F678F8418E92}.Ad-Hoc|x64.Build.0 = Release|x64
		{F720E1D7-7B53-4275-B1C7-F678F8418E92}.Ad-Hoc|x64.Deploy.0 = Release|x64
		{F720E1D7-7B53-4275-B1C7-F678F8418E92}.Ad-Hoc|x86.ActiveCfg = Release|x86
		{F720E1D7-7B53-4275-B1C7-F678F8418E92}.Ad-Hoc|x86.Build.0 = Release|x86
		{F720E1D7-7B53-4275-B1C7-F678F8418E92}.Ad-Hoc|x86.Deploy.0 = Release|x86
		{F720E1D7-7B53-4275-B1C7-F678F8418E92}.AppStore|Any CPU.ActiveCfg = Release|x86
		{F720E1D7-7B53-4275-B1C7-F678F8418E92}.AppStore|Any CPU.Build.0 = Release|x86
		{F720E1D7-7B53-4275-B1C7-F678F8418E92}.AppStore|Any CPU.Deploy.0 = Release|x86
		{F720E1D7-7B53-4275-B1C7-F678F8418E92}.AppStore|ARM.ActiveCfg = Release|ARM
		{F720E1D7-7B53-4275-B1C7-F678F8418E92}.AppStore|ARM.Build.0 = Release|ARM
		{F720E1D7-7B53-4275-B1C7-F678F8418E92}.AppStore|ARM.Deploy.0 = Release|ARM
		{F720E1D7-7B53-4275-B1C7-F678F8418E92}.AppStore|iPhone.ActiveCfg = Release|x86
		{F720E1D7-7B53-4275-B1C7-F678F8418E92}.AppStore|iPhone.Build.0 = Release|x86
		{F720E1D7-7B53-4275-B1C7-F678F8418E92}.AppStore|iPhone.Deploy.0 = Release|x86
		{F720E1D7-7B53-4275-B1C7-F678F8418E92}.AppStore|iPhoneSimulator.ActiveCfg = Release|x86
		{F720E1D7-7B53-4275-B1C7-F678F8418E92}.AppStore|iPhoneSimulator.Build.0 = Release|x86
		{F720E1D7-7B53-4275-B1C7-F678F8418E92}.AppStore|iPhoneSimulator.Deploy.0 = Release|x86
		{F720E1D7-7B53-4275-B1C7-F678F8418E92}.AppStore|x64.ActiveCfg = Release|x64
		{F720E1D7-7B53-4275-B1C7-F678F8418E92}.AppStore|x64.Build.0 = Release|x64
		{F720E1D7-7B53-4275-B1C7-F678F8418E92}.AppStore|x64.Deploy.0 = Release|x64
		{F720E1D7-7B53-4275-B1C7-F678F8418E92}.AppStore|x86.ActiveCfg = Release|x86
		{F720E1D7-7B53-4275-B1C7-F678F8418E92}.AppStore|x86.Build.0 = Release|x86
		{F720E1D7-7B53-4275-B1C7-F678F8418E92}.AppStore|x86.Deploy.0 = Release|x86
		{F720E1D7-7B53-4275-B1C7-F678F8418E92}.Debug|Any CPU.ActiveCfg = Debug|x86
		{F720E1D7-7B53-4275-B1C7-F678F8418E92}.Debug|ARM.ActiveCfg = Debug|ARM
		{F720E1D7-7B53-4275-B1C7-F678F8418E92}.Debug|ARM.Build.0 = Debug|ARM
		{F720E1D7-7B53-4275-B1C7-F678F8418E92}.Debug|ARM.Deploy.0 = Debug|ARM
		{F720E1D7-7B53-4275-B1C7-F678F8418E92}.Debug|iPhone.ActiveCfg = Debug|x86
		{F720E1D7-7B53-4275-B1C7-F678F8418E92}.Debug|iPhoneSimulator.ActiveCfg = Debug|x86
		{F720E1D7-7B53-4275-B1C7-F678F8418E92}.Debug|x64.ActiveCfg = Debug|x64
		{F720E1D7-7B53-4275-B1C7-F678F8418E92}.Debug|x64.Build.0 = Debug|x64
		{F720E1D7-7B53-4275-B1C7-F678F8418E92}.Debug|x64.Deploy.0 = Debug|x64
		{F720E1D7-7B53-4275-B1C7-F678F8418E92}.Debug|x86.ActiveCfg = Debug|x86
		{F720E1D7-7B53-4275-B1C7-F678F8418E92}.Debug|x86.Build.0 = Debug|x86
		{F720E1D7-7B53-4275-B1C7-F678F8418E92}.Debug|x86.Deploy.0 = Debug|x86
		{F720E1D7-7B53-4275-B1C7-F678F8418E92}.Release|Any CPU.ActiveCfg = Release|x86
		{F720E1D7-7B53-4275-B1C7-F678F8418E92}.Release|ARM.ActiveCfg = Release|ARM
		{F720E1D7-7B53-4275-B1C7-F678F8418E92}.Release|ARM.Build.0 = Release|ARM
		{F720E1D7-7B53-4275-B1C7-F678F8418E92}.Release|ARM.Deploy.0 = Release|ARM
		{F720E1D7-7B53-4275-B1C7-F678F8418E92}.Release|iPhone.ActiveCfg = Release|x86
		{F720E1D7-7B53-4275-B1C7-F678F8418E92}.Release|iPhoneSimulator.ActiveCfg = Release|x86
		{F720E1D7-7B53-4275-B1C7-F678F8418E92}.Release|x64.ActiveCfg = Release|x64
		{F720E1D7-7B53-4275-B1C7-F678F8418E92}.Release|x64.Build.0 = Release|x64
		{F720E1D7-7B53-4275-B1C7-F678F8418E92}.Release|x64.Deploy.0 = Release|x64
		{F720E1D7-7B53-4275-B1C7-F678F8418E92}.Release|x86.ActiveCfg = Release|x86
		{F720E1D7-7B53-4275-B1C7-F678F8418E92}.Release|x86.Build.0 = Release|x86
		{F720E1D7-7B53-4275-B1C7-F678F8418E92}.Release|x86.Deploy.0 = Release|x86
		{401F843D-DA6B-445A-B3FC-B619E78FEB0A}.Ad-Hoc|Any CPU.ActiveCfg = Ad-Hoc|iPhone
		{401F843D-DA6B-445A-B3FC-B619E78FEB0A}.Ad-Hoc|ARM.ActiveCfg = Ad-Hoc|iPhone
		{401F843D-DA6B-445A-B3FC-B619E78FEB0A}.Ad-Hoc|iPhone.ActiveCfg = Ad-Hoc|iPhone
		{401F843D-DA6B-445A-B3FC-B619E78FEB0A}.Ad-Hoc|iPhone.Build.0 = Ad-Hoc|iPhone
		{401F843D-DA6B-445A-B3FC-B619E78FEB0A}.Ad-Hoc|iPhoneSimulator.ActiveCfg = Ad-Hoc|iPhoneSimulator
		{401F843D-DA6B-445A-B3FC-B619E78FEB0A}.Ad-Hoc|iPhoneSimulator.Build.0 = Ad-Hoc|iPhoneSimulator
		{401F843D-DA6B-445A-B3FC-B619E78FEB0A}.Ad-Hoc|x64.ActiveCfg = Ad-Hoc|iPhone
		{401F843D-DA6B-445A-B3FC-B619E78FEB0A}.Ad-Hoc|x86.ActiveCfg = Ad-Hoc|iPhone
		{401F843D-DA6B-445A-B3FC-B619E78FEB0A}.AppStore|Any CPU.ActiveCfg = AppStore|iPhone
		{401F843D-DA6B-445A-B3FC-B619E78FEB0A}.AppStore|ARM.ActiveCfg = AppStore|iPhone
		{401F843D-DA6B-445A-B3FC-B619E78FEB0A}.AppStore|iPhone.ActiveCfg = AppStore|iPhone
		{401F843D-DA6B-445A-B3FC-B619E78FEB0A}.AppStore|iPhone.Build.0 = AppStore|iPhone
		{401F843D-DA6B-445A-B3FC-B619E78FEB0A}.AppStore|iPhoneSimulator.ActiveCfg = AppStore|iPhoneSimulator
		{401F843D-DA6B-445A-B3FC-B619E78FEB0A}.AppStore|iPhoneSimulator.Build.0 = AppStore|iPhoneSimulator
		{401F843D-DA6B-445A-B3FC-B619E78FEB0A}.AppStore|x64.ActiveCfg = AppStore|iPhone
		{401F843D-DA6B-445A-B3FC-B619E78FEB0A}.AppStore|x86.ActiveCfg = AppStore|iPhone
		{401F843D-DA6B-445A-B3FC-B619E78FEB0A}.Debug|Any CPU.ActiveCfg = Debug|iPhone
		{401F843D-DA6B-445A-B3FC-B619E78FEB0A}.Debug|ARM.ActiveCfg = Debug|iPhone
		{401F843D-DA6B-445A-B3FC-B619E78FEB0A}.Debug|iPhone.ActiveCfg = Debug|iPhone
		{401F843D-DA6B-445A-B3FC-B619E78FEB0A}.Debug|iPhone.Build.0 = Debug|iPhone
		{401F843D-DA6B-445A-B3FC-B619E78FEB0A}.Debug|iPhoneSimulator.ActiveCfg = Debug|iPhoneSimulator
		{401F843D-DA6B-445A-B3FC-B619E78FEB0A}.Debug|iPhoneSimulator.Build.0 = Debug|iPhoneSimulator
		{401F843D-DA6B-445A-B3FC-B619E78FEB0A}.Debug|x64.ActiveCfg = Debug|iPhone
		{401F843D-DA6B-445A-B3FC-B619E78FEB0A}.Debug|x86.ActiveCfg = Debug|iPhone
		{401F843D-DA6B-445A-B3FC-B619E78FEB0A}.Release|Any CPU.ActiveCfg = Release|iPhone
		{401F843D-DA6B-445A-B3FC-B619E78FEB0A}.Release|ARM.ActiveCfg = Release|iPhone
		{401F843D-DA6B-445A-B3FC-B619E78FEB0A}.Release|iPhone.ActiveCfg = Release|iPhone
		{401F843D-DA6B-445A-B3FC-B619E78FEB0A}.Release|iPhone.Build.0 = Release|iPhone
		{401F843D-DA6B-445A-B3FC-B619E78FEB0A}.Release|iPhoneSimulator.ActiveCfg = Release|iPhoneSimulator
		{401F843D-DA6B-445A-B3FC-B619E78FEB0A}.Release|iPhoneSimulator.Build.0 = Release|iPhoneSimulator
		{401F843D-DA6B-445A-B3FC-B619E78FEB0A}.Release|x64.ActiveCfg = Release|iPhone
		{401F843D-DA6B-445A-B3FC-B619E78FEB0A}.Release|x86.ActiveCfg = Release|iPhone
	EndGlobalSection
	GlobalSection(SolutionProperties) = preSolution
		HideSolutionNode = FALSE
	EndGlobalSection
EndGlobal
